
Microsoft Visual Studio Solution File, Format Version 12.00
# Visual Studio Version 17
VisualStudioVersion = 17.11.35303.130
MinimumVisualStudioVersion = 10.0.40219.1
Project("{888888A0-9F3D-457C-B088-3A5042F75D52}") = "Pong – Pong", "Pong – Pong.pyproj", "{72B9CACD-F453-4FD8-B140-3812BED31EB5}"
EndProject
Global
	GlobalSection(SolutionConfigurationPlatforms) = preSolution
		Debug|Any CPU = Debug|Any CPU
		Release|Any CPU = Release|Any CPU
	EndGlobalSection
	GlobalSection(ProjectConfigurationPlatforms) = postSolution
		{72B9CACD-F453-4FD8-B140-3812BED31EB5}.Debug|Any CPU.ActiveCfg = Debug|Any CPU
		{72B9CACD-F453-4FD8-B140-3812BED31EB5}.Release|Any CPU.ActiveCfg = Release|Any CPU
	EndGlobalSection
	GlobalSection(SolutionProperties) = preSolution
		HideSolutionNode = FALSE
	EndGlobalSection
	GlobalSection(ExtensibilityGlobals) = postSolution
		SolutionGuid = {E2839506-1480-4AEA-90D1-65E17BD7446E}
	EndGlobalSection
EndGlobal
